{
  "version": 4,
  "terraform_version": "1.7.5",
  "serial": 168,
  "lineage": "d429aee1-2632-0dbf-2240-31e49560c868",
  "outputs": {
    "all-project-secrets": {
      "value": {
        "env_slug": "prod",
        "folder_path": "/",
        "secrets": {},
        "workspace_id": null
      },
      "type": [
        "object",
        {
          "env_slug": "string",
          "folder_path": "string",
          "secrets": [
            "map",
            [
              "object",
              {
                "comment": "string",
                "secret_type": "string",
                "value": "string"
              }
            ]
          ],
          "workspace_id": "string"
        }
      ]
    },
    "lxc_dns_server": {
      "value": "192.168.1.13",
      "type": "string"
    },
    "lxc_hostname": {
      "value": "main-test1",
      "type": "string"
    },
    "lxc_ip_address": {
      "value": "192.168.1.30/24",
      "type": "string"
    },
    "ostype": {
      "value": "ubuntu",
      "type": "string"
    },
    "vmid": {
      "value": 300,
      "type": "number"
    }
  },
  "resources": [
    {
      "mode": "data",
      "type": "infisical_secrets",
      "name": "backend-secrets",
      "provider": "provider[\"registry.terraform.io/infisical/infisical\"]",
      "instances": [
        {
          "schema_version": 0,
          "attributes": {
            "env_slug": "prod",
            "folder_path": "/",
            "secrets": {},
            "workspace_id": null
          },
          "sensitive_attributes": []
        }
      ]
    },
    {
      "mode": "managed",
      "type": "infisical_secret",
      "name": "host",
      "provider": "provider[\"registry.terraform.io/infisical/infisical\"]",
      "instances": [
        {
          "schema_version": 0,
          "attributes": {
            "env_slug": "prod",
            "folder_path": "/",
            "last_updated": "Saturday, 30-Mar-24 15:16:46 EDT",
            "name": "HOST",
            "value": "https://infisical.techbybrett.com/",
            "workspace_id": "7dc3099d-759d-40c3-817f-d5778ef8f104"
          },
          "sensitive_attributes": [
            [
              {
                "type": "get_attr",
                "value": "value"
              }
            ]
          ]
        }
      ]
    },
    {
      "mode": "managed",
      "type": "infisical_secret",
      "name": "password",
      "provider": "provider[\"registry.terraform.io/infisical/infisical\"]",
      "instances": [
        {
          "schema_version": 0,
          "attributes": {
            "env_slug": "prod",
            "folder_path": "/",
            "last_updated": "Saturday, 30-Mar-24 15:16:45 EDT",
            "name": "LXC_PASS",
            "value": "password",
            "workspace_id": "7dc3099d-759d-40c3-817f-d5778ef8f104"
          },
          "sensitive_attributes": [
            [
              {
                "type": "get_attr",
                "value": "value"
              }
            ]
          ]
        }
      ]
    },
    {
      "mode": "managed",
      "type": "infisical_secret",
      "name": "pm_api_token",
      "provider": "provider[\"registry.terraform.io/infisical/infisical\"]",
      "instances": [
        {
          "schema_version": 0,
          "attributes": {
            "env_slug": "prod",
            "folder_path": "/",
            "last_updated": "Saturday, 30-Mar-24 15:16:46 EDT",
            "name": "PM_API_TOKEN",
            "value": "ba78fdad-24b4-4c5f-9b13-a03702b64096",
            "workspace_id": "7dc3099d-759d-40c3-817f-d5778ef8f104"
          },
          "sensitive_attributes": [
            [
              {
                "type": "get_attr",
                "value": "value"
              }
            ]
          ]
        }
      ]
    },
    {
      "mode": "managed",
      "type": "infisical_secret",
      "name": "pm_api_token_id_usr",
      "provider": "provider[\"registry.terraform.io/infisical/infisical\"]",
      "instances": [
        {
          "schema_version": 0,
          "attributes": {
            "env_slug": "prod",
            "folder_path": "/",
            "last_updated": "Saturday, 30-Mar-24 15:16:46 EDT",
            "name": "PM_API_TOKEN_ID",
            "value": "root@pam!terraform",
            "workspace_id": "7dc3099d-759d-40c3-817f-d5778ef8f104"
          },
          "sensitive_attributes": [
            [
              {
                "type": "get_attr",
                "value": "value"
              }
            ]
          ]
        }
      ]
    },
    {
      "mode": "managed",
      "type": "infisical_secret",
      "name": "pm_api_url",
      "provider": "provider[\"registry.terraform.io/infisical/infisical\"]",
      "instances": [
        {
          "schema_version": 0,
          "attributes": {
            "env_slug": "prod",
            "folder_path": "/",
            "last_updated": "Saturday, 30-Mar-24 15:16:46 EDT",
            "name": "PM_API_URL",
            "value": "https://192.168.1.10:8006/api2/json",
            "workspace_id": "7dc3099d-759d-40c3-817f-d5778ef8f104"
          },
          "sensitive_attributes": [
            [
              {
                "type": "get_attr",
                "value": "value"
              }
            ]
          ]
        }
      ]
    },
    {
      "mode": "managed",
      "type": "infisical_secret",
      "name": "service_token",
      "provider": "provider[\"registry.terraform.io/infisical/infisical\"]",
      "instances": [
        {
          "schema_version": 0,
          "attributes": {
            "env_slug": "prod",
            "folder_path": "/",
            "last_updated": "Saturday, 30-Mar-24 15:16:46 EDT",
            "name": "TOKEN",
            "value": "st.6d959063-5a4c-442f-95ba-a71f8c9d6150.fbab7f2f363d7ecf7e2b28b3e6e12ec6.e27a783c750980d510a8d327628c37bb",
            "workspace_id": "7dc3099d-759d-40c3-817f-d5778ef8f104"
          },
          "sensitive_attributes": [
            [
              {
                "type": "get_attr",
                "value": "value"
              }
            ]
          ]
        }
      ]
    },
    {
      "mode": "managed",
      "type": "infisical_secret",
      "name": "sshkey",
      "provider": "provider[\"registry.terraform.io/infisical/infisical\"]",
      "instances": [
        {
          "schema_version": 0,
          "attributes": {
            "env_slug": "prod",
            "folder_path": "/",
            "last_updated": "Saturday, 30-Mar-24 15:16:46 EDT",
            "name": "SSHKEY",
            "value": "ssh-rsa AAAAB3NzaC1yc2EAAAADAQABAAABAQDN5ZFNLiQBWrCk6y6TP/8UEqhdY77cKrv5smsCTU9ggDiYYpv0bIVcoSmWFZnahIi/TsXPAf80HMulJvPt0l19gdaStax4zOd4D682yqiR6U2pasBS4yTHiXye1YUd1RkoIW+YVc3zdXc7Veq5k4KBteXkx6Ntzzb9L+aMWCiYu71UIs/IwpBWewjWe0MJiWnYDn0xrAPAjQubmq03u0hEiDHZmz0gu2OgKKC/5N3jURyDRRfrVPF4goufVJXJYsV6N2ROE3i17dt5oJALTgX9cpL/zp9JBjaqidZNDdP/6n9D4YrD+8qBHFsLlJbyIPV+5zGBViGVWEuUlZTtSsIx root@pve",
            "workspace_id": "7dc3099d-759d-40c3-817f-d5778ef8f104"
          },
          "sensitive_attributes": [
            [
              {
                "type": "get_attr",
                "value": "value"
              }
            ]
          ]
        }
      ]
    },
    {
      "mode": "managed",
      "type": "proxmox_lxc",
      "name": "lxc-test",
      "provider": "provider[\"registry.terraform.io/telmate/proxmox\"]",
      "instances": [
        {
          "schema_version": 0,
          "attributes": {
            "arch": "amd64",
            "bwlimit": 0,
            "clone": null,
            "clone_storage": null,
            "cmode": "tty",
            "console": true,
            "cores": 2,
            "cpulimit": 0,
            "cpuunits": 1024,
            "description": "",
            "features": [],
            "force": false,
            "full": null,
            "hagroup": "",
            "hastate": "",
            "hookscript": "",
            "hostname": "main-test1",
            "id": "pve/lxc/300",
            "ignore_unpack_errors": false,
            "lock": "",
            "memory": 2012,
            "mountpoint": [],
            "nameserver": "192.168.1.13",
            "network": [
              {
                "bridge": "vmbr0",
                "firewall": true,
                "gw": "192.168.1.1",
                "gw6": "",
                "hwaddr": "BC:24:11:DF:79:DB",
                "id": 0,
                "ip": "192.168.1.30/24",
                "ip6": "dhcp",
                "mtu": 0,
                "name": "eth0",
                "rate": 0,
                "tag": 1,
                "trunks": "",
                "type": "veth"
              }
            ],
            "onboot": false,
            "ostemplate": "local:vztmpl/ubuntu-23.04-standard_23.04-1_amd64.tar.zst",
            "ostype": "ubuntu",
            "password": "password",
            "pool": null,
            "protection": false,
            "restore": false,
            "rootfs": [
              {
                "acl": false,
                "quota": false,
                "replicate": false,
                "ro": false,
                "shared": false,
                "size": "8G",
                "storage": "local-lvm",
                "volume": "local-lvm:vm-300-disk-0"
              }
            ],
            "searchdomain": "192.168.1.13",
            "ssh_public_keys": null,
            "start": false,
            "startup": "",
            "swap": 512,
            "tags": "",
            "target_node": "pve",
            "template": false,
            "timeouts": null,
            "tty": 2,
            "unique": false,
            "unprivileged": false,
            "unused": [],
            "vmid": 300
          },
          "sensitive_attributes": [
            [
              {
                "type": "get_attr",
                "value": "password"
              }
            ]
          ],
          "private": "eyJlMmJmYjczMC1lY2FhLTExZTYtOGY4OC0zNDM2M2JjN2M0YzAiOnsiY3JlYXRlIjoxMjAwMDAwMDAwMDAwLCJkZWZhdWx0IjoxMjAwMDAwMDAwMDAwLCJkZWxldGUiOjEyMDAwMDAwMDAwMDAsInJlYWQiOjEyMDAwMDAwMDAwMDAsInVwZGF0ZSI6MTIwMDAwMDAwMDAwMH19"
        }
      ]
    },
    {
      "mode": "managed",
      "type": "proxmox_vm_qemu",
      "name": "cloudinit-k3s-master",
      "provider": "provider[\"registry.terraform.io/telmate/proxmox\"]",
      "instances": [
        {
          "index_key": 0,
          "status": "tainted",
          "schema_version": 0,
          "attributes": {
            "additional_wait": 5,
            "agent": 0,
            "args": null,
            "automatic_reboot": true,
            "balloon": 0,
            "bios": "seabios",
            "boot": null,
            "bootdisk": "scsi0",
            "bridge": null,
            "ci_wait": null,
            "cicustom": null,
            "cipassword": null,
            "ciuser": "ubuntu",
            "clone": "ubuntu-cloud",
            "clone_wait": 10,
            "cloudinit_cdrom_storage": "local-lvm",
            "cores": 2,
            "cpu": "host",
            "default_ipv4_address": null,
            "define_connection_info": true,
            "desc": "Cloudinit Ubuntu",
            "disk": [],
            "disk_gb": null,
            "disks": [
              {
                "ide": [],
                "sata": [],
                "scsi": [
                  {
                    "scsi0": [
                      {
                        "cdrom": [],
                        "disk": [
                          {
                            "asyncio": "",
                            "backup": true,
                            "cache": "",
                            "discard": false,
                            "emulatessd": false,
                            "format": "raw",
                            "id": 0,
                            "iops_r_burst": 0,
                            "iops_r_burst_length": 0,
                            "iops_r_concurrent": 0,
                            "iops_wr_burst": 0,
                            "iops_wr_burst_length": 0,
                            "iops_wr_concurrent": 0,
                            "iothread": false,
                            "linked_disk_id": 0,
                            "mbps_r_burst": 0,
                            "mbps_r_concurrent": 0,
                            "mbps_wr_burst": 0,
                            "mbps_wr_concurrent": 0,
                            "readonly": false,
                            "replicate": false,
                            "serial": "",
                            "size": 12,
                            "storage": "local-lvm",
                            "wwn": ""
                          }
                        ],
                        "passthrough": []
                      }
                    ],
                    "scsi1": [],
                    "scsi10": [],
                    "scsi11": [],
                    "scsi12": [],
                    "scsi13": [],
                    "scsi14": [],
                    "scsi15": [],
                    "scsi16": [],
                    "scsi17": [],
                    "scsi18": [],
                    "scsi19": [],
                    "scsi2": [],
                    "scsi20": [],
                    "scsi21": [],
                    "scsi22": [],
                    "scsi23": [],
                    "scsi24": [],
                    "scsi25": [],
                    "scsi26": [],
                    "scsi27": [],
                    "scsi28": [],
                    "scsi29": [],
                    "scsi3": [],
                    "scsi30": [],
                    "scsi4": [],
                    "scsi5": [],
                    "scsi6": [],
                    "scsi7": [],
                    "scsi8": [],
                    "scsi9": []
                  }
                ],
                "virtio": []
              }
            ],
            "efidisk": [],
            "force_create": false,
            "force_recreate_on_change_of": null,
            "full_clone": true,
            "guest_agent_ready_timeout": 100,
            "hagroup": null,
            "hastate": null,
            "hostpci": [],
            "hotplug": "network,disk,usb",
            "id": "pve/qemu/110",
            "ipconfig0": "ip=192.168.1.41/24,gw=192.168.1.1",
            "ipconfig1": null,
            "ipconfig10": null,
            "ipconfig11": null,
            "ipconfig12": null,
            "ipconfig13": null,
            "ipconfig14": null,
            "ipconfig15": null,
            "ipconfig2": null,
            "ipconfig3": null,
            "ipconfig4": null,
            "ipconfig5": null,
            "ipconfig6": null,
            "ipconfig7": null,
            "ipconfig8": null,
            "ipconfig9": null,
            "iso": null,
            "kvm": true,
            "linked_vmid": null,
            "mac": null,
            "machine": null,
            "memory": 4096,
            "name": "k3s-master-01",
            "nameserver": "192.168.1.13",
            "network": [],
            "nic": null,
            "numa": true,
            "onboot": false,
            "oncreate": false,
            "os_network_config": null,
            "os_type": "cloud-init",
            "pool": null,
            "preprovision": true,
            "pxe": null,
            "qemu_os": null,
            "reboot_required": null,
            "scsihw": "virtio-scsi-single",
            "searchdomain": null,
            "serial": [],
            "smbios": null,
            "sockets": 2,
            "ssh_forward_ip": null,
            "ssh_host": null,
            "ssh_port": null,
            "ssh_private_key": null,
            "ssh_user": null,
            "sshkeys": "ssh-rsa AAAAB3NzaC1yc2EAAAADAQABAAABAQDN5ZFNLiQBWrCk6y6TP/8UEqhdY77cKrv5smsCTU9ggDiYYpv0bIVcoSmWFZnahIi/TsXPAf80HMulJvPt0l19gdaStax4zOd4D682yqiR6U2pasBS4yTHiXye1YUd1RkoIW+YVc3zdXc7Veq5k4KBteXkx6Ntzzb9L+aMWCiYu71UIs/IwpBWewjWe0MJiWnYDn0xrAPAjQubmq03u0hEiDHZmz0gu2OgKKC/5N3jURyDRRfrVPF4goufVJXJYsV6N2ROE3i17dt5oJALTgX9cpL/zp9JBjaqidZNDdP/6n9D4YrD+8qBHFsLlJbyIPV+5zGBViGVWEuUlZTtSsIx root@pve",
            "startup": null,
            "storage": null,
            "storage_type": null,
            "tablet": true,
            "tags": null,
            "target_node": "pve",
            "target_nodes": null,
            "timeouts": null,
            "unused_disk": null,
            "usb": [],
            "vcpus": 0,
            "vga": [],
            "vlan": -1,
            "vm_state": "running",
            "vmid": null
          },
          "sensitive_attributes": [
            [
              {
                "type": "get_attr",
                "value": "sshkeys"
              }
            ]
          ],
          "private": "eyJlMmJmYjczMC1lY2FhLTExZTYtOGY4OC0zNDM2M2JjN2M0YzAiOnsiY3JlYXRlIjoxMjAwMDAwMDAwMDAwLCJkZWZhdWx0IjoxMjAwMDAwMDAwMDAwLCJkZWxldGUiOjEyMDAwMDAwMDAwMDAsInJlYWQiOjEyMDAwMDAwMDAwMDAsInVwZGF0ZSI6MTIwMDAwMDAwMDAwMH19"
        },
        {
          "index_key": 1,
          "schema_version": 0,
          "attributes": {
            "additional_wait": 5,
            "agent": 0,
            "args": "",
            "automatic_reboot": true,
            "balloon": 0,
            "bios": "seabios",
            "boot": "c",
            "bootdisk": "scsi0",
            "bridge": null,
            "ci_wait": null,
            "cicustom": "",
            "cipassword": "",
            "ciuser": "ubuntu",
            "clone": "ubuntu-cloud",
            "clone_wait": 10,
            "cloudinit_cdrom_storage": "local-lvm",
            "cores": 2,
            "cpu": "host",
            "default_ipv4_address": null,
            "define_connection_info": true,
            "desc": "Cloudinit Ubuntu",
            "disk": [],
            "disk_gb": null,
            "disks": [
              {
                "ide": [],
                "sata": [],
                "scsi": [
                  {
                    "scsi0": [
                      {
                        "cdrom": [],
                        "disk": [
                          {
                            "asyncio": "",
                            "backup": true,
                            "cache": "",
                            "discard": false,
                            "emulatessd": false,
                            "format": "raw",
                            "id": 0,
                            "iops_r_burst": 0,
                            "iops_r_burst_length": 0,
                            "iops_r_concurrent": 0,
                            "iops_wr_burst": 0,
                            "iops_wr_burst_length": 0,
                            "iops_wr_concurrent": 0,
                            "iothread": false,
                            "linked_disk_id": -1,
                            "mbps_r_burst": 0,
                            "mbps_r_concurrent": 0,
                            "mbps_wr_burst": 0,
                            "mbps_wr_concurrent": 0,
                            "readonly": false,
                            "replicate": false,
                            "serial": "",
                            "size": 12,
                            "storage": "local-lvm",
                            "wwn": ""
                          }
                        ],
                        "passthrough": []
                      }
                    ],
                    "scsi1": [],
                    "scsi10": [],
                    "scsi11": [],
                    "scsi12": [],
                    "scsi13": [],
                    "scsi14": [],
                    "scsi15": [],
                    "scsi16": [],
                    "scsi17": [],
                    "scsi18": [],
                    "scsi19": [],
                    "scsi2": [],
                    "scsi20": [],
                    "scsi21": [],
                    "scsi22": [],
                    "scsi23": [],
                    "scsi24": [],
                    "scsi25": [],
                    "scsi26": [],
                    "scsi27": [],
                    "scsi28": [],
                    "scsi29": [],
                    "scsi3": [],
                    "scsi30": [],
                    "scsi4": [],
                    "scsi5": [],
                    "scsi6": [],
                    "scsi7": [],
                    "scsi8": [],
                    "scsi9": []
                  }
                ],
                "virtio": []
              }
            ],
            "efidisk": [],
            "force_create": false,
            "force_recreate_on_change_of": null,
            "full_clone": true,
            "guest_agent_ready_timeout": 100,
            "hagroup": "",
            "hastate": "",
            "hostpci": [],
            "hotplug": "network,disk,usb",
            "id": "pve/qemu/109",
            "ipconfig0": "ip=192.168.1.42/24,gw=192.168.1.1",
            "ipconfig1": "",
            "ipconfig10": "",
            "ipconfig11": "",
            "ipconfig12": "",
            "ipconfig13": "",
            "ipconfig14": "",
            "ipconfig15": "",
            "ipconfig2": "",
            "ipconfig3": "",
            "ipconfig4": "",
            "ipconfig5": "",
            "ipconfig6": "",
            "ipconfig7": "",
            "ipconfig8": "",
            "ipconfig9": "",
            "iso": "",
            "kvm": true,
            "linked_vmid": 0,
            "mac": null,
            "machine": "",
            "memory": 4096,
            "name": "k3s-master-02",
            "nameserver": "192.168.1.13",
            "network": [
              {
                "bridge": "vmbr0",
                "firewall": false,
                "link_down": false,
                "macaddr": "BC:24:11:FE:38:73",
                "model": "virtio",
                "mtu": 0,
                "queues": 0,
                "rate": 0,
                "tag": 1
              }
            ],
            "nic": null,
            "numa": true,
            "onboot": false,
            "oncreate": false,
            "os_network_config": null,
            "os_type": "cloud-init",
            "pool": "",
            "preprovision": true,
            "pxe": null,
            "qemu_os": "other",
            "reboot_required": false,
            "scsihw": "virtio-scsi-single",
            "searchdomain": "",
            "serial": [],
            "smbios": [
              {
                "family": "",
                "manufacturer": "",
                "product": "",
                "serial": "",
                "sku": "",
                "uuid": "87e1619a-a10f-4167-a4fc-0ab26f2b4c8b",
                "version": ""
              }
            ],
            "sockets": 2,
            "ssh_forward_ip": null,
            "ssh_host": null,
            "ssh_port": null,
            "ssh_private_key": null,
            "ssh_user": null,
            "sshkeys": "ssh-rsa AAAAB3NzaC1yc2EAAAADAQABAAABAQDN5ZFNLiQBWrCk6y6TP/8UEqhdY77cKrv5smsCTU9ggDiYYpv0bIVcoSmWFZnahIi/TsXPAf80HMulJvPt0l19gdaStax4zOd4D682yqiR6U2pasBS4yTHiXye1YUd1RkoIW+YVc3zdXc7Veq5k4KBteXkx6Ntzzb9L+aMWCiYu71UIs/IwpBWewjWe0MJiWnYDn0xrAPAjQubmq03u0hEiDHZmz0gu2OgKKC/5N3jURyDRRfrVPF4goufVJXJYsV6N2ROE3i17dt5oJALTgX9cpL/zp9JBjaqidZNDdP/6n9D4YrD+8qBHFsLlJbyIPV+5zGBViGVWEuUlZTtSsIx root@pve\n",
            "startup": "",
            "storage": null,
            "storage_type": null,
            "tablet": true,
            "tags": "",
            "target_node": "pve",
            "target_nodes": null,
            "timeouts": null,
            "unused_disk": [],
            "usb": [],
            "vcpus": 0,
            "vga": [],
            "vlan": -1,
            "vm_state": "running",
            "vmid": null
          },
          "sensitive_attributes": [
            [
              {
                "type": "get_attr",
                "value": "sshkeys"
              }
            ]
          ],
          "private": "eyJlMmJmYjczMC1lY2FhLTExZTYtOGY4OC0zNDM2M2JjN2M0YzAiOnsiY3JlYXRlIjoxMjAwMDAwMDAwMDAwLCJkZWZhdWx0IjoxMjAwMDAwMDAwMDAwLCJkZWxldGUiOjEyMDAwMDAwMDAwMDAsInJlYWQiOjEyMDAwMDAwMDAwMDAsInVwZGF0ZSI6MTIwMDAwMDAwMDAwMH19"
        }
      ]
    },
    {
      "mode": "managed",
      "type": "proxmox_vm_qemu",
      "name": "cloudinit-k3s-worker",
      "provider": "provider[\"registry.terraform.io/telmate/proxmox\"]",
      "instances": [
        {
          "index_key": 0,
          "schema_version": 0,
          "attributes": {
            "additional_wait": 5,
            "agent": 0,
            "args": "",
            "automatic_reboot": true,
            "balloon": 0,
            "bios": "seabios",
            "boot": "c",
            "bootdisk": "scsi0",
            "bridge": null,
            "ci_wait": null,
            "cicustom": "",
            "cipassword": "",
            "ciuser": "ubuntu",
            "clone": "ubuntu-cloud",
            "clone_wait": 10,
            "cloudinit_cdrom_storage": "local-lvm",
            "cores": 2,
            "cpu": "host",
            "default_ipv4_address": null,
            "define_connection_info": true,
            "desc": "Cloudinit Ubuntu",
            "disk": [],
            "disk_gb": null,
            "disks": [
              {
                "ide": [],
                "sata": [],
                "scsi": [
                  {
                    "scsi0": [
                      {
                        "cdrom": [],
                        "disk": [
                          {
                            "asyncio": "",
                            "backup": true,
                            "cache": "",
                            "discard": false,
                            "emulatessd": false,
                            "format": "raw",
                            "id": 0,
                            "iops_r_burst": 0,
                            "iops_r_burst_length": 0,
                            "iops_r_concurrent": 0,
                            "iops_wr_burst": 0,
                            "iops_wr_burst_length": 0,
                            "iops_wr_concurrent": 0,
                            "iothread": false,
                            "linked_disk_id": -1,
                            "mbps_r_burst": 0,
                            "mbps_r_concurrent": 0,
                            "mbps_wr_burst": 0,
                            "mbps_wr_concurrent": 0,
                            "readonly": false,
                            "replicate": false,
                            "serial": "",
                            "size": 12,
                            "storage": "local-lvm",
                            "wwn": ""
                          }
                        ],
                        "passthrough": []
                      }
                    ],
                    "scsi1": [],
                    "scsi10": [],
                    "scsi11": [],
                    "scsi12": [],
                    "scsi13": [],
                    "scsi14": [],
                    "scsi15": [],
                    "scsi16": [],
                    "scsi17": [],
                    "scsi18": [],
                    "scsi19": [],
                    "scsi2": [],
                    "scsi20": [],
                    "scsi21": [],
                    "scsi22": [],
                    "scsi23": [],
                    "scsi24": [],
                    "scsi25": [],
                    "scsi26": [],
                    "scsi27": [],
                    "scsi28": [],
                    "scsi29": [],
                    "scsi3": [],
                    "scsi30": [],
                    "scsi4": [],
                    "scsi5": [],
                    "scsi6": [],
                    "scsi7": [],
                    "scsi8": [],
                    "scsi9": []
                  }
                ],
                "virtio": []
              }
            ],
            "efidisk": [],
            "force_create": false,
            "force_recreate_on_change_of": null,
            "full_clone": true,
            "guest_agent_ready_timeout": 100,
            "hagroup": "",
            "hastate": "",
            "hostpci": [],
            "hotplug": "network,disk,usb",
            "id": "pve/qemu/111",
            "ipconfig0": "ip=192.168.1.51/24,gw=192.168.1.1",
            "ipconfig1": "",
            "ipconfig10": "",
            "ipconfig11": "",
            "ipconfig12": "",
            "ipconfig13": "",
            "ipconfig14": "",
            "ipconfig15": "",
            "ipconfig2": "",
            "ipconfig3": "",
            "ipconfig4": "",
            "ipconfig5": "",
            "ipconfig6": "",
            "ipconfig7": "",
            "ipconfig8": "",
            "ipconfig9": "",
            "iso": "",
            "kvm": true,
            "linked_vmid": 0,
            "mac": null,
            "machine": "",
            "memory": 4096,
            "name": "k3s-worker-01",
            "nameserver": "",
            "network": [
              {
                "bridge": "vmbr0",
                "firewall": false,
                "link_down": false,
                "macaddr": "BC:24:11:9B:19:42",
                "model": "virtio",
                "mtu": 0,
                "queues": 0,
                "rate": 0,
                "tag": 1
              }
            ],
            "nic": null,
            "numa": true,
            "onboot": false,
            "oncreate": false,
            "os_network_config": null,
            "os_type": "cloud-init",
            "pool": "",
            "preprovision": true,
            "pxe": null,
            "qemu_os": "other",
            "reboot_required": false,
            "scsihw": "virtio-scsi-single",
            "searchdomain": "",
            "serial": [],
            "smbios": [
              {
                "family": "",
                "manufacturer": "",
                "product": "",
                "serial": "",
                "sku": "",
                "uuid": "bd9cd992-675a-45c6-9e93-8c03c86b2738",
                "version": ""
              }
            ],
            "sockets": 2,
            "ssh_forward_ip": null,
            "ssh_host": null,
            "ssh_port": null,
            "ssh_private_key": null,
            "ssh_user": null,
            "sshkeys": "ssh-rsa AAAAB3NzaC1yc2EAAAADAQABAAABAQDN5ZFNLiQBWrCk6y6TP/8UEqhdY77cKrv5smsCTU9ggDiYYpv0bIVcoSmWFZnahIi/TsXPAf80HMulJvPt0l19gdaStax4zOd4D682yqiR6U2pasBS4yTHiXye1YUd1RkoIW+YVc3zdXc7Veq5k4KBteXkx6Ntzzb9L+aMWCiYu71UIs/IwpBWewjWe0MJiWnYDn0xrAPAjQubmq03u0hEiDHZmz0gu2OgKKC/5N3jURyDRRfrVPF4goufVJXJYsV6N2ROE3i17dt5oJALTgX9cpL/zp9JBjaqidZNDdP/6n9D4YrD+8qBHFsLlJbyIPV+5zGBViGVWEuUlZTtSsIx root@pve\n",
            "startup": "",
            "storage": null,
            "storage_type": null,
            "tablet": true,
            "tags": "",
            "target_node": "pve",
            "target_nodes": null,
            "timeouts": null,
            "unused_disk": [],
            "usb": [],
            "vcpus": 0,
            "vga": [],
            "vlan": -1,
            "vm_state": "running",
            "vmid": null
          },
          "sensitive_attributes": [
            [
              {
                "type": "get_attr",
                "value": "sshkeys"
              }
            ]
          ],
          "private": "eyJlMmJmYjczMC1lY2FhLTExZTYtOGY4OC0zNDM2M2JjN2M0YzAiOnsiY3JlYXRlIjoxMjAwMDAwMDAwMDAwLCJkZWZhdWx0IjoxMjAwMDAwMDAwMDAwLCJkZWxldGUiOjEyMDAwMDAwMDAwMDAsInJlYWQiOjEyMDAwMDAwMDAwMDAsInVwZGF0ZSI6MTIwMDAwMDAwMDAwMH19"
        },
        {
          "index_key": 1,
          "status": "tainted",
          "schema_version": 0,
          "attributes": {
            "additional_wait": 5,
            "agent": 0,
            "args": null,
            "automatic_reboot": true,
            "balloon": 0,
            "bios": "seabios",
            "boot": null,
            "bootdisk": "scsi0",
            "bridge": null,
            "ci_wait": null,
            "cicustom": null,
            "cipassword": null,
            "ciuser": "ubuntu",
            "clone": "ubuntu-cloud",
            "clone_wait": 10,
            "cloudinit_cdrom_storage": "local-lvm",
            "cores": 2,
            "cpu": "host",
            "default_ipv4_address": null,
            "define_connection_info": true,
            "desc": "Cloudinit Ubuntu",
            "disk": [],
            "disk_gb": null,
            "disks": [
              {
                "ide": [],
                "sata": [],
                "scsi": [
                  {
                    "scsi0": [
                      {
                        "cdrom": [],
                        "disk": [
                          {
                            "asyncio": "",
                            "backup": true,
                            "cache": "",
                            "discard": false,
                            "emulatessd": false,
                            "format": "raw",
                            "id": 0,
                            "iops_r_burst": 0,
                            "iops_r_burst_length": 0,
                            "iops_r_concurrent": 0,
                            "iops_wr_burst": 0,
                            "iops_wr_burst_length": 0,
                            "iops_wr_concurrent": 0,
                            "iothread": false,
                            "linked_disk_id": 0,
                            "mbps_r_burst": 0,
                            "mbps_r_concurrent": 0,
                            "mbps_wr_burst": 0,
                            "mbps_wr_concurrent": 0,
                            "readonly": false,
                            "replicate": false,
                            "serial": "",
                            "size": 12,
                            "storage": "local-lvm",
                            "wwn": ""
                          }
                        ],
                        "passthrough": []
                      }
                    ],
                    "scsi1": [],
                    "scsi10": [],
                    "scsi11": [],
                    "scsi12": [],
                    "scsi13": [],
                    "scsi14": [],
                    "scsi15": [],
                    "scsi16": [],
                    "scsi17": [],
                    "scsi18": [],
                    "scsi19": [],
                    "scsi2": [],
                    "scsi20": [],
                    "scsi21": [],
                    "scsi22": [],
                    "scsi23": [],
                    "scsi24": [],
                    "scsi25": [],
                    "scsi26": [],
                    "scsi27": [],
                    "scsi28": [],
                    "scsi29": [],
                    "scsi3": [],
                    "scsi30": [],
                    "scsi4": [],
                    "scsi5": [],
                    "scsi6": [],
                    "scsi7": [],
                    "scsi8": [],
                    "scsi9": []
                  }
                ],
                "virtio": []
              }
            ],
            "efidisk": [],
            "force_create": false,
            "force_recreate_on_change_of": null,
            "full_clone": true,
            "guest_agent_ready_timeout": 100,
            "hagroup": null,
            "hastate": null,
            "hostpci": [],
            "hotplug": "network,disk,usb",
            "id": "pve/qemu/109",
            "ipconfig0": "ip=192.168.1.52/24,gw=192.168.1.1",
            "ipconfig1": null,
            "ipconfig10": null,
            "ipconfig11": null,
            "ipconfig12": null,
            "ipconfig13": null,
            "ipconfig14": null,
            "ipconfig15": null,
            "ipconfig2": null,
            "ipconfig3": null,
            "ipconfig4": null,
            "ipconfig5": null,
            "ipconfig6": null,
            "ipconfig7": null,
            "ipconfig8": null,
            "ipconfig9": null,
            "iso": null,
            "kvm": true,
            "linked_vmid": null,
            "mac": null,
            "machine": null,
            "memory": 4096,
            "name": "k3s-worker-02",
            "nameserver": null,
            "network": [],
            "nic": null,
            "numa": true,
            "onboot": false,
            "oncreate": false,
            "os_network_config": null,
            "os_type": "cloud-init",
            "pool": null,
            "preprovision": true,
            "pxe": null,
            "qemu_os": null,
            "reboot_required": null,
            "scsihw": "virtio-scsi-single",
            "searchdomain": null,
            "serial": [],
            "smbios": null,
            "sockets": 2,
            "ssh_forward_ip": null,
            "ssh_host": null,
            "ssh_port": null,
            "ssh_private_key": null,
            "ssh_user": null,
            "sshkeys": "ssh-rsa AAAAB3NzaC1yc2EAAAADAQABAAABAQDN5ZFNLiQBWrCk6y6TP/8UEqhdY77cKrv5smsCTU9ggDiYYpv0bIVcoSmWFZnahIi/TsXPAf80HMulJvPt0l19gdaStax4zOd4D682yqiR6U2pasBS4yTHiXye1YUd1RkoIW+YVc3zdXc7Veq5k4KBteXkx6Ntzzb9L+aMWCiYu71UIs/IwpBWewjWe0MJiWnYDn0xrAPAjQubmq03u0hEiDHZmz0gu2OgKKC/5N3jURyDRRfrVPF4goufVJXJYsV6N2ROE3i17dt5oJALTgX9cpL/zp9JBjaqidZNDdP/6n9D4YrD+8qBHFsLlJbyIPV+5zGBViGVWEuUlZTtSsIx root@pve",
            "startup": null,
            "storage": null,
            "storage_type": null,
            "tablet": true,
            "tags": null,
            "target_node": "pve",
            "target_nodes": null,
            "timeouts": null,
            "unused_disk": null,
            "usb": [],
            "vcpus": 0,
            "vga": [],
            "vlan": -1,
            "vm_state": "running",
            "vmid": null
          },
          "sensitive_attributes": [
            [
              {
                "type": "get_attr",
                "value": "sshkeys"
              }
            ]
          ],
          "private": "eyJlMmJmYjczMC1lY2FhLTExZTYtOGY4OC0zNDM2M2JjN2M0YzAiOnsiY3JlYXRlIjoxMjAwMDAwMDAwMDAwLCJkZWZhdWx0IjoxMjAwMDAwMDAwMDAwLCJkZWxldGUiOjEyMDAwMDAwMDAwMDAsInJlYWQiOjEyMDAwMDAwMDAwMDAsInVwZGF0ZSI6MTIwMDAwMDAwMDAwMH19"
        }
      ]
    }
  ],
  "check_results": null
}
