{
  "version": 4,
  "terraform_version": "1.7.3",
  "serial": 61,
  "lineage": "d429aee1-2632-0dbf-2240-31e49560c868",
  "outputs": {
    "lxc_dns_server": {
      "value": "192.168.1.13",
      "type": "string"
    },
    "lxc_hostname": {
      "value": "lxc-test",
      "type": "string"
    },
    "lxc_ip_address": {
      "value": "192.168.1.18/24",
      "type": "string"
    },
    "ostype": {
      "value": "ubuntu",
      "type": "string"
    },
    "vmid": {
      "value": 108,
      "type": "number"
    }
  },
  "resources": [
    {
      "mode": "managed",
      "type": "infisical_secret",
      "name": "host",
      "provider": "provider[\"registry.terraform.io/infisical/infisical\"]",
      "instances": [
        {
          "schema_version": 0,
          "attributes": {
            "env_slug": "prod",
            "folder_path": "/",
            "last_updated": "Sunday, 18-Feb-24 16:52:58 EST",
            "name": "HOST",
            "value": "https://infisical.techbybrett.com/",
            "workspace_id": "7dc3099d-759d-40c3-817f-d5778ef8f104"
          },
          "sensitive_attributes": [
            [
              {
                "type": "get_attr",
                "value": "value"
              }
            ]
          ]
        }
      ]
    },
    {
      "mode": "managed",
      "type": "infisical_secret",
      "name": "password",
      "provider": "provider[\"registry.terraform.io/infisical/infisical\"]",
      "instances": [
        {
          "schema_version": 0,
          "attributes": {
            "env_slug": "prod",
            "folder_path": "/",
            "last_updated": "Sunday, 18-Feb-24 16:52:58 EST",
            "name": "LXC_PASS",
            "value": "password",
            "workspace_id": "7dc3099d-759d-40c3-817f-d5778ef8f104"
          },
          "sensitive_attributes": [
            [
              {
                "type": "get_attr",
                "value": "value"
              }
            ]
          ]
        }
      ]
    },
    {
      "mode": "managed",
      "type": "infisical_secret",
      "name": "pm_api_token",
      "provider": "provider[\"registry.terraform.io/infisical/infisical\"]",
      "instances": [
        {
          "schema_version": 0,
          "attributes": {
            "env_slug": "prod",
            "folder_path": "/",
            "last_updated": "Sunday, 18-Feb-24 16:52:58 EST",
            "name": "PM_API_TOKEN",
            "value": "ba78fdad-24b4-4c5f-9b13-a03702b64096",
            "workspace_id": "7dc3099d-759d-40c3-817f-d5778ef8f104"
          },
          "sensitive_attributes": [
            [
              {
                "type": "get_attr",
                "value": "value"
              }
            ]
          ]
        }
      ]
    },
    {
      "mode": "managed",
      "type": "infisical_secret",
      "name": "pm_api_token_id_usr",
      "provider": "provider[\"registry.terraform.io/infisical/infisical\"]",
      "instances": [
        {
          "schema_version": 0,
          "attributes": {
            "env_slug": "prod",
            "folder_path": "/",
            "last_updated": "Sunday, 18-Feb-24 16:52:58 EST",
            "name": "PM_API_TOKEN_ID",
            "value": "root@pam!terraform",
            "workspace_id": "7dc3099d-759d-40c3-817f-d5778ef8f104"
          },
          "sensitive_attributes": [
            [
              {
                "type": "get_attr",
                "value": "value"
              }
            ]
          ]
        }
      ]
    },
    {
      "mode": "managed",
      "type": "infisical_secret",
      "name": "service_token",
      "provider": "provider[\"registry.terraform.io/infisical/infisical\"]",
      "instances": [
        {
          "schema_version": 0,
          "attributes": {
            "env_slug": "prod",
            "folder_path": "/",
            "last_updated": "Sunday, 18-Feb-24 16:52:58 EST",
            "name": "TOKEN",
            "value": "st.6d959063-5a4c-442f-95ba-a71f8c9d6150.fbab7f2f363d7ecf7e2b28b3e6e12ec6.e27a783c750980d510a8d327628c37bb",
            "workspace_id": "7dc3099d-759d-40c3-817f-d5778ef8f104"
          },
          "sensitive_attributes": [
            [
              {
                "type": "get_attr",
                "value": "value"
              }
            ]
          ]
        }
      ]
    },
    {
      "mode": "managed",
      "type": "proxmox_lxc",
      "name": "lxc-test",
      "provider": "provider[\"registry.terraform.io/telmate/proxmox\"]",
      "instances": [
        {
          "schema_version": 0,
          "attributes": {
            "arch": "amd64",
            "bwlimit": 0,
            "clone": null,
            "clone_storage": null,
            "cmode": "tty",
            "console": true,
            "cores": 2,
            "cpulimit": 0,
            "cpuunits": 1024,
            "description": "",
            "features": [],
            "force": false,
            "full": null,
            "hagroup": "",
            "hastate": "",
            "hookscript": "",
            "hostname": "lxc-test",
            "id": "pve/lxc/108",
            "ignore_unpack_errors": false,
            "lock": "",
            "memory": 2012,
            "mountpoint": [],
            "nameserver": "192.168.1.13",
            "network": [
              {
                "bridge": "vmbr0",
                "firewall": true,
                "gw": "192.168.1.1",
                "gw6": "",
                "hwaddr": "BC:24:11:47:D4:DC",
                "id": 0,
                "ip": "192.168.1.18/24",
                "ip6": "dhcp",
                "mtu": 0,
                "name": "eth0",
                "rate": 0,
                "tag": 1,
                "trunks": "",
                "type": "veth"
              }
            ],
            "onboot": false,
            "ostemplate": "local:vztmpl/ubuntu-23.04-standard_23.04-1_amd64.tar.zst",
            "ostype": "ubuntu",
            "password": "password",
            "pool": null,
            "protection": false,
            "restore": false,
            "rootfs": [
              {
                "acl": false,
                "quota": false,
                "replicate": false,
                "ro": false,
                "shared": false,
                "size": "8G",
                "storage": "local-lvm",
                "volume": "local-lvm:vm-108-disk-0"
              }
            ],
            "searchdomain": "192.168.1.13",
            "ssh_public_keys": null,
            "start": false,
            "startup": "",
            "swap": 512,
            "tags": "",
            "target_node": "pve",
            "template": false,
            "timeouts": null,
            "tty": 2,
            "unique": false,
            "unprivileged": false,
            "unused": [],
            "vmid": 108
          },
          "sensitive_attributes": [
            [
              {
                "type": "get_attr",
                "value": "password"
              }
            ]
          ],
          "private": "eyJlMmJmYjczMC1lY2FhLTExZTYtOGY4OC0zNDM2M2JjN2M0YzAiOnsiY3JlYXRlIjoxMjAwMDAwMDAwMDAwLCJkZWZhdWx0IjoxMjAwMDAwMDAwMDAwLCJkZWxldGUiOjEyMDAwMDAwMDAwMDAsInJlYWQiOjEyMDAwMDAwMDAwMDAsInVwZGF0ZSI6MTIwMDAwMDAwMDAwMH19"
        }
      ]
    }
  ],
  "check_results": null
}
